{
  "requires": true,
  "lockfileVersion": 1,
  "dependencies": {
    "@date-io/core": {
      "version": "2.8.0",
      "resolved": "https://registry.npmjs.org/@date-io/core/-/core-2.8.0.tgz",
      "integrity": "sha512-MIL74B3O08gjjm5fcDSWME5MfdsvyQBX58zlWHIzM+m2h3+M5rP6P+T3qym3FWnpc8EKK5E8kF97nLqNiOwgkQ=="
    }
  }
}
